
Microsoft Visual Studio Solution File, Format Version 12.00
# Visual Studio Version 17
VisualStudioVersion = 17.5.002.0
MinimumVisualStudioVersion = 10.0.40219.1
Project("{2150E333-8FDC-42A3-9474-1A3956D46DE8}") = "sandbox", "sandbox", "{9BFBCA6B-940D-4A56-81B1-C4B81351FB01}"
EndProject
Project("{9A19103F-16F7-4668-BE54-9A1E7A4F7556}") = "sandbox_project", "sandbox\sandbox_project\sandbox_project.csproj", "{B4BD82FD-355F-417B-AA8A-28F67A5914D2}"
EndProject
Project("{2150E333-8FDC-42A3-9474-1A3956D46DE8}") = "week01", "week01", "{F8462AFB-5DED-446B-90B6-4AE36DECAFAB}"
EndProject
Project("{9A19103F-16F7-4668-BE54-9A1E7A4F7556}") = "analyze", "week01\analyze\analyze.csproj", "{BED71469-CE3D-4598-AE9C-7E9F818ED7C1}"
EndProject
Project("{9A19103F-16F7-4668-BE54-9A1E7A4F7556}") = "code", "week01\code\code.csproj", "{3BDAB00D-3624-4AED-BFF6-0FFED1440E6D}"
EndProject
Project("{9A19103F-16F7-4668-BE54-9A1E7A4F7556}") = "teach", "week01\teach\teach.csproj", "{F0CFC4D7-2348-490E-B082-379E508BBD58}"
EndProject
Project("{2150E333-8FDC-42A3-9474-1A3956D46DE8}") = "week02", "week02", "{BBBB4B97-774C-4A2E-A1AF-91690EF47E37}"
EndProject
Project("{9A19103F-16F7-4668-BE54-9A1E7A4F7556}") = "analyze", "week02\analyze\analyze.csproj", "{39EBA9F5-9835-441B-9685-BACB276987E5}"
EndProject
Project("{9A19103F-16F7-4668-BE54-9A1E7A4F7556}") = "code", "week02\code\code.csproj", "{5C2F3972-132D-4CBA-9EE5-B0D398B40476}"
EndProject
Project("{9A19103F-16F7-4668-BE54-9A1E7A4F7556}") = "learn", "week02\learn\learn.csproj", "{A2EC8311-901F-4106-99A7-E527799501DD}"
EndProject
Project("{9A19103F-16F7-4668-BE54-9A1E7A4F7556}") = "teach", "week02\teach\teach.csproj", "{56D5C96B-53F1-4AFE-8E1B-4ED44705D566}"
EndProject
Project("{2150E333-8FDC-42A3-9474-1A3956D46DE8}") = "week03", "week03", "{09C1200C-8594-49CB-85AC-68CFCB2944CA}"
EndProject
Project("{9A19103F-16F7-4668-BE54-9A1E7A4F7556}") = "code", "week03\code\code.csproj", "{FCF8E58C-DB91-4AFC-9AD3-7F5B383D8315}"
EndProject
Project("{9A19103F-16F7-4668-BE54-9A1E7A4F7556}") = "learn", "week03\learn\learn.csproj", "{8ECA39CE-353D-42DB-A40C-AB14411CA2B4}"
EndProject
Project("{9A19103F-16F7-4668-BE54-9A1E7A4F7556}") = "teach", "week03\teach\teach.csproj", "{EA655B60-FF62-40C7-98F4-6A6F52271BDB}"
EndProject
Project("{2150E333-8FDC-42A3-9474-1A3956D46DE8}") = "week04", "week04", "{950D9E26-E049-4F51-A99F-B0173CDBE386}"
EndProject
Project("{9A19103F-16F7-4668-BE54-9A1E7A4F7556}") = "code", "week04\code\code.csproj", "{DFBE7452-428F-4436-8CAF-A690E1C1C9BA}"
EndProject
Project("{2150E333-8FDC-42A3-9474-1A3956D46DE8}") = "week05", "week05", "{6B3DFF36-031F-4AF6-A0D4-8DD05ED2A8CF}"
EndProject
Project("{9A19103F-16F7-4668-BE54-9A1E7A4F7556}") = "code", "week05\code\code.csproj", "{4D5B8FC0-FF33-4E75-8F60-38DF08AA4222}"
EndProject
Project("{2150E333-8FDC-42A3-9474-1A3956D46DE8}") = "week06", "week06", "{00D116A2-B2D6-485C-BED9-53A749BC5C8F}"
EndProject
Project("{9A19103F-16F7-4668-BE54-9A1E7A4F7556}") = "code", "week06\code\code.csproj", "{A370E730-9CD0-42EB-A616-3BD3355F277F}"
EndProject
Global
	GlobalSection(SolutionConfigurationPlatforms) = preSolution
		Debug|Any CPU = Debug|Any CPU
		Release|Any CPU = Release|Any CPU
	EndGlobalSection
	GlobalSection(ProjectConfigurationPlatforms) = postSolution
		{B4BD82FD-355F-417B-AA8A-28F67A5914D2}.Debug|Any CPU.ActiveCfg = Debug|Any CPU
		{B4BD82FD-355F-417B-AA8A-28F67A5914D2}.Debug|Any CPU.Build.0 = Debug|Any CPU
		{B4BD82FD-355F-417B-AA8A-28F67A5914D2}.Release|Any CPU.ActiveCfg = Release|Any CPU
		{B4BD82FD-355F-417B-AA8A-28F67A5914D2}.Release|Any CPU.Build.0 = Release|Any CPU
		{BED71469-CE3D-4598-AE9C-7E9F818ED7C1}.Debug|Any CPU.ActiveCfg = Debug|Any CPU
		{BED71469-CE3D-4598-AE9C-7E9F818ED7C1}.Debug|Any CPU.Build.0 = Debug|Any CPU
		{BED71469-CE3D-4598-AE9C-7E9F818ED7C1}.Release|Any CPU.ActiveCfg = Release|Any CPU
		{BED71469-CE3D-4598-AE9C-7E9F818ED7C1}.Release|Any CPU.Build.0 = Release|Any CPU
		{3BDAB00D-3624-4AED-BFF6-0FFED1440E6D}.Debug|Any CPU.ActiveCfg = Debug|Any CPU
		{3BDAB00D-3624-4AED-BFF6-0FFED1440E6D}.Debug|Any CPU.Build.0 = Debug|Any CPU
		{3BDAB00D-3624-4AED-BFF6-0FFED1440E6D}.Release|Any CPU.ActiveCfg = Release|Any CPU
		{3BDAB00D-3624-4AED-BFF6-0FFED1440E6D}.Release|Any CPU.Build.0 = Release|Any CPU
		{F0CFC4D7-2348-490E-B082-379E508BBD58}.Debug|Any CPU.ActiveCfg = Debug|Any CPU
		{F0CFC4D7-2348-490E-B082-379E508BBD58}.Debug|Any CPU.Build.0 = Debug|Any CPU
		{F0CFC4D7-2348-490E-B082-379E508BBD58}.Release|Any CPU.ActiveCfg = Release|Any CPU
		{F0CFC4D7-2348-490E-B082-379E508BBD58}.Release|Any CPU.Build.0 = Release|Any CPU
		{39EBA9F5-9835-441B-9685-BACB276987E5}.Debug|Any CPU.ActiveCfg = Debug|Any CPU
		{39EBA9F5-9835-441B-9685-BACB276987E5}.Debug|Any CPU.Build.0 = Debug|Any CPU
		{39EBA9F5-9835-441B-9685-BACB276987E5}.Release|Any CPU.ActiveCfg = Release|Any CPU
		{39EBA9F5-9835-441B-9685-BACB276987E5}.Release|Any CPU.Build.0 = Release|Any CPU
		{5C2F3972-132D-4CBA-9EE5-B0D398B40476}.Debug|Any CPU.ActiveCfg = Debug|Any CPU
		{5C2F3972-132D-4CBA-9EE5-B0D398B40476}.Debug|Any CPU.Build.0 = Debug|Any CPU
		{5C2F3972-132D-4CBA-9EE5-B0D398B40476}.Release|Any CPU.ActiveCfg = Release|Any CPU
		{5C2F3972-132D-4CBA-9EE5-B0D398B40476}.Release|Any CPU.Build.0 = Release|Any CPU
		{A2EC8311-901F-4106-99A7-E527799501DD}.Debug|Any CPU.ActiveCfg = Debug|Any CPU
		{A2EC8311-901F-4106-99A7-E527799501DD}.Debug|Any CPU.Build.0 = Debug|Any CPU
		{A2EC8311-901F-4106-99A7-E527799501DD}.Release|Any CPU.ActiveCfg = Release|Any CPU
		{A2EC8311-901F-4106-99A7-E527799501DD}.Release|Any CPU.Build.0 = Release|Any CPU
		{56D5C96B-53F1-4AFE-8E1B-4ED44705D566}.Debug|Any CPU.ActiveCfg = Debug|Any CPU
		{56D5C96B-53F1-4AFE-8E1B-4ED44705D566}.Debug|Any CPU.Build.0 = Debug|Any CPU
		{56D5C96B-53F1-4AFE-8E1B-4ED44705D566}.Release|Any CPU.ActiveCfg = Release|Any CPU
		{56D5C96B-53F1-4AFE-8E1B-4ED44705D566}.Release|Any CPU.Build.0 = Release|Any CPU
		{FCF8E58C-DB91-4AFC-9AD3-7F5B383D8315}.Debug|Any CPU.ActiveCfg = Debug|Any CPU
		{FCF8E58C-DB91-4AFC-9AD3-7F5B383D8315}.Debug|Any CPU.Build.0 = Debug|Any CPU
		{FCF8E58C-DB91-4AFC-9AD3-7F5B383D8315}.Release|Any CPU.ActiveCfg = Release|Any CPU
		{FCF8E58C-DB91-4AFC-9AD3-7F5B383D8315}.Release|Any CPU.Build.0 = Release|Any CPU
		{8ECA39CE-353D-42DB-A40C-AB14411CA2B4}.Debug|Any CPU.ActiveCfg = Debug|Any CPU
		{8ECA39CE-353D-42DB-A40C-AB14411CA2B4}.Debug|Any CPU.Build.0 = Debug|Any CPU
		{8ECA39CE-353D-42DB-A40C-AB14411CA2B4}.Release|Any CPU.ActiveCfg = Release|Any CPU
		{8ECA39CE-353D-42DB-A40C-AB14411CA2B4}.Release|Any CPU.Build.0 = Release|Any CPU
		{EA655B60-FF62-40C7-98F4-6A6F52271BDB}.Debug|Any CPU.ActiveCfg = Debug|Any CPU
		{EA655B60-FF62-40C7-98F4-6A6F52271BDB}.Debug|Any CPU.Build.0 = Debug|Any CPU
		{EA655B60-FF62-40C7-98F4-6A6F52271BDB}.Release|Any CPU.ActiveCfg = Release|Any CPU
		{EA655B60-FF62-40C7-98F4-6A6F52271BDB}.Release|Any CPU.Build.0 = Release|Any CPU
		{DFBE7452-428F-4436-8CAF-A690E1C1C9BA}.Debug|Any CPU.ActiveCfg = Debug|Any CPU
		{DFBE7452-428F-4436-8CAF-A690E1C1C9BA}.Debug|Any CPU.Build.0 = Debug|Any CPU
		{DFBE7452-428F-4436-8CAF-A690E1C1C9BA}.Release|Any CPU.ActiveCfg = Release|Any CPU
		{DFBE7452-428F-4436-8CAF-A690E1C1C9BA}.Release|Any CPU.Build.0 = Release|Any CPU
		{4D5B8FC0-FF33-4E75-8F60-38DF08AA4222}.Debug|Any CPU.ActiveCfg = Debug|Any CPU
		{4D5B8FC0-FF33-4E75-8F60-38DF08AA4222}.Debug|Any CPU.Build.0 = Debug|Any CPU
		{4D5B8FC0-FF33-4E75-8F60-38DF08AA4222}.Release|Any CPU.ActiveCfg = Release|Any CPU
		{4D5B8FC0-FF33-4E75-8F60-38DF08AA4222}.Release|Any CPU.Build.0 = Release|Any CPU
		{A370E730-9CD0-42EB-A616-3BD3355F277F}.Debug|Any CPU.ActiveCfg = Debug|Any CPU
		{A370E730-9CD0-42EB-A616-3BD3355F277F}.Debug|Any CPU.Build.0 = Debug|Any CPU
		{A370E730-9CD0-42EB-A616-3BD3355F277F}.Release|Any CPU.ActiveCfg = Release|Any CPU
		{A370E730-9CD0-42EB-A616-3BD3355F277F}.Release|Any CPU.Build.0 = Release|Any CPU
	EndGlobalSection
	GlobalSection(SolutionProperties) = preSolution
		HideSolutionNode = FALSE
	EndGlobalSection
	GlobalSection(NestedProjects) = preSolution
		{B4BD82FD-355F-417B-AA8A-28F67A5914D2} = {9BFBCA6B-940D-4A56-81B1-C4B81351FB01}
		{BED71469-CE3D-4598-AE9C-7E9F818ED7C1} = {F8462AFB-5DED-446B-90B6-4AE36DECAFAB}
		{3BDAB00D-3624-4AED-BFF6-0FFED1440E6D} = {F8462AFB-5DED-446B-90B6-4AE36DECAFAB}
		{F0CFC4D7-2348-490E-B082-379E508BBD58} = {F8462AFB-5DED-446B-90B6-4AE36DECAFAB}
		{39EBA9F5-9835-441B-9685-BACB276987E5} = {BBBB4B97-774C-4A2E-A1AF-91690EF47E37}
		{5C2F3972-132D-4CBA-9EE5-B0D398B40476} = {BBBB4B97-774C-4A2E-A1AF-91690EF47E37}
		{A2EC8311-901F-4106-99A7-E527799501DD} = {BBBB4B97-774C-4A2E-A1AF-91690EF47E37}
		{56D5C96B-53F1-4AFE-8E1B-4ED44705D566} = {BBBB4B97-774C-4A2E-A1AF-91690EF47E37}
		{FCF8E58C-DB91-4AFC-9AD3-7F5B383D8315} = {09C1200C-8594-49CB-85AC-68CFCB2944CA}
		{8ECA39CE-353D-42DB-A40C-AB14411CA2B4} = {09C1200C-8594-49CB-85AC-68CFCB2944CA}
		{EA655B60-FF62-40C7-98F4-6A6F52271BDB} = {09C1200C-8594-49CB-85AC-68CFCB2944CA}
		{DFBE7452-428F-4436-8CAF-A690E1C1C9BA} = {950D9E26-E049-4F51-A99F-B0173CDBE386}
		{4D5B8FC0-FF33-4E75-8F60-38DF08AA4222} = {6B3DFF36-031F-4AF6-A0D4-8DD05ED2A8CF}
		{A370E730-9CD0-42EB-A616-3BD3355F277F} = {00D116A2-B2D6-485C-BED9-53A749BC5C8F}
	EndGlobalSection
	GlobalSection(ExtensibilityGlobals) = postSolution
		SolutionGuid = {94CC550D-F1D8-4554-BF58-D022F0D050A6}
	EndGlobalSection
EndGlobal
